// !$*UTF8*$!
{
	archiveVersion = 1;
	classes = {
	};
	objectVersion = 56;
	objects = {

/* Begin PBXBuildFile section */
		1792FDBE2AF51E1900C2E35C /* Question.swift in Sources */ = {isa = PBXBuildFile; fileRef = 1792FDBD2AF51E1900C2E35C /* Question.swift */; };
		17E6FCC72AF65F6700A71D4C /* QuizBrain.swift in Sources */ = {isa = PBXBuildFile; fileRef = 17E6FCC62AF65F6700A71D4C /* QuizBrain.swift */; };
		17F155902AF25C8B00F181F8 /* AppDelegate.swift in Sources */ = {isa = PBXBuildFile; fileRef = 17F1558F2AF25C8B00F181F8 /* AppDelegate.swift */; };
		17F155922AF25C8B00F181F8 /* SceneDelegate.swift in Sources */ = {isa = PBXBuildFile; fileRef = 17F155912AF25C8B00F181F8 /* SceneDelegate.swift */; };
		17F155942AF25C8B00F181F8 /* ViewController.swift in Sources */ = {isa = PBXBuildFile; fileRef = 17F155932AF25C8B00F181F8 /* ViewController.swift */; };
		17F155972AF25C8B00F181F8 /* Main.storyboard in Resources */ = {isa = PBXBuildFile; fileRef = 17F155952AF25C8B00F181F8 /* Main.storyboard */; };
		17F155992AF25C8C00F181F8 /* Assets.xcassets in Resources */ = {isa = PBXBuildFile; fileRef = 17F155982AF25C8C00F181F8 /* Assets.xcassets */; };
		17F1559C2AF25C8C00F181F8 /* LaunchScreen.storyboard in Resources */ = {isa = PBXBuildFile; fileRef = 17F1559A2AF25C8C00F181F8 /* LaunchScreen.storyboard */; };
		17F155A72AF25C8C00F181F8 /* quizAppTests.swift in Sources */ = {isa = PBXBuildFile; fileRef = 17F155A62AF25C8C00F181F8 /* quizAppTests.swift */; };
		17F155B12AF25C8C00F181F8 /* quizAppUITests.swift in Sources */ = {isa = PBXBuildFile; fileRef = 17F155B02AF25C8C00F181F8 /* quizAppUITests.swift */; };
		17F155B32AF25C8C00F181F8 /* quizAppUITestsLaunchTests.swift in Sources */ = {isa = PBXBuildFile; fileRef = 17F155B22AF25C8C00F181F8 /* quizAppUITestsLaunchTests.swift */; };
/* End PBXBuildFile section */

/* Begin PBXContainerItemProxy section */
		17F155A32AF25C8C00F181F8 /* PBXContainerItemProxy */ = {
			isa = PBXContainerItemProxy;
			containerPortal = 17F155842AF25C8B00F181F8 /* Project object */;
			proxyType = 1;
			remoteGlobalIDString = 17F1558B2AF25C8B00F181F8;
			remoteInfo = quizApp;
		};
		17F155AD2AF25C8C00F181F8 /* PBXContainerItemProxy */ = {
			isa = PBXContainerItemProxy;
			containerPortal = 17F155842AF25C8B00F181F8 /* Project object */;
			proxyType = 1;
			remoteGlobalIDString = 17F1558B2AF25C8B00F181F8;
			remoteInfo = quizApp;
		};
/* End PBXContainerItemProxy section */

/* Begin PBXFileReference section */
		1792FDBD2AF51E1900C2E35C /* Question.swift */ = {isa = PBXFileReference; lastKnownFileType = sourcecode.swift; path = Question.swift; sourceTree = "<group>"; };
		17E6FCC62AF65F6700A71D4C /* QuizBrain.swift */ = {isa = PBXFileReference; lastKnownFileType = sourcecode.swift; path = QuizBrain.swift; sourceTree = "<group>"; };
		17F1558C2AF25C8B00F181F8 /* quizApp.app */ = {isa = PBXFileReference; explicitFileType = wrapper.application; includeInIndex = 0; path = quizApp.app; sourceTree = BUILT_PRODUCTS_DIR; };
		17F1558F2AF25C8B00F181F8 /* AppDelegate.swift */ = {isa = PBXFileReference; lastKnownFileType = sourcecode.swift; path = AppDelegate.swift; sourceTree = "<group>"; };
		17F155912AF25C8B00F181F8 /* SceneDelegate.swift */ = {isa = PBXFileReference; lastKnownFileType = sourcecode.swift; path = SceneDelegate.swift; sourceTree = "<group>"; };
		17F155932AF25C8B00F181F8 /* ViewController.swift */ = {isa = PBXFileReference; lastKnownFileType = sourcecode.swift; path = ViewController.swift; sourceTree = "<group>"; };
		17F155962AF25C8B00F181F8 /* Base */ = {isa = PBXFileReference; lastKnownFileType = file.storyboard; name = Base; path = Base.lproj/Main.storyboard; sourceTree = "<group>"; };
		17F155982AF25C8C00F181F8 /* Assets.xcassets */ = {isa = PBXFileReference; lastKnownFileType = folder.assetcatalog; path = Assets.xcassets; sourceTree = "<group>"; };
		17F1559B2AF25C8C00F181F8 /* Base */ = {isa = PBXFileReference; lastKnownFileType = file.storyboard; name = Base; path = Base.lproj/LaunchScreen.storyboard; sourceTree = "<group>"; };
		17F1559D2AF25C8C00F181F8 /* Info.plist */ = {isa = PBXFileReference; lastKnownFileType = text.plist.xml; path = Info.plist; sourceTree = "<group>"; };
		17F155A22AF25C8C00F181F8 /* quizAppTests.xctest */ = {isa = PBXFileReference; explicitFileType = wrapper.cfbundle; includeInIndex = 0; path = quizAppTests.xctest; sourceTree = BUILT_PRODUCTS_DIR; };
		17F155A62AF25C8C00F181F8 /* quizAppTests.swift */ = {isa = PBXFileReference; lastKnownFileType = sourcecode.swift; path = quizAppTests.swift; sourceTree = "<group>"; };
		17F155AC2AF25C8C00F181F8 /* quizAppUITests.xctest */ = {isa = PBXFileReference; explicitFileType = wrapper.cfbundle; includeInIndex = 0; path = quizAppUITests.xctest; sourceTree = BUILT_PRODUCTS_DIR; };
		17F155B02AF25C8C00F181F8 /* quizAppUITests.swift */ = {isa = PBXFileReference; lastKnownFileType = sourcecode.swift; path = quizAppUITests.swift; sourceTree = "<group>"; };
		17F155B22AF25C8C00F181F8 /* quizAppUITestsLaunchTests.swift */ = {isa = PBXFileReference; lastKnownFileType = sourcecode.swift; path = quizAppUITestsLaunchTests.swift; sourceTree = "<group>"; };
/* End PBXFileReference section */

/* Begin PBXFrameworksBuildPhase section */
		17F155892AF25C8B00F181F8 /* Frameworks */ = {
			isa = PBXFrameworksBuildPhase;
			buildActionMask = 2147483647;
			files = (
			);
			runOnlyForDeploymentPostprocessing = 0;
		};
		17F1559F2AF25C8C00F181F8 /* Frameworks */ = {
			isa = PBXFrameworksBuildPhase;
			buildActionMask = 2147483647;
			files = (
			);
			runOnlyForDeploymentPostprocessing = 0;
		};
		17F155A92AF25C8C00F181F8 /* Frameworks */ = {
			isa = PBXFrameworksBuildPhase;
			buildActionMask = 2147483647;
			files = (
			);
			runOnlyForDeploymentPostprocessing = 0;
		};
/* End PBXFrameworksBuildPhase section */

/* Begin PBXGroup section */
		17E6FCC32AF65E4C00A71D4C /* Model */ = {
			isa = PBXGroup;
			children = (
				1792FDBD2AF51E1900C2E35C /* Question.swift */,
				17E6FCC62AF65F6700A71D4C /* QuizBrain.swift */,
			);
			path = Model;
			sourceTree = "<group>";
		};
		17E6FCC42AF65E5C00A71D4C /* View */ = {
			isa = PBXGroup;
			children = (
				17F155952AF25C8B00F181F8 /* Main.storyboard */,
			);
			path = View;
			sourceTree = "<group>";
		};
		17E6FCC52AF65E6F00A71D4C /* Controller */ = {
			isa = PBXGroup;
			children = (
				17F155932AF25C8B00F181F8 /* ViewController.swift */,
			);
			path = Controller;
			sourceTree = "<group>";
		};
		17F155832AF25C8B00F181F8 = {
			isa = PBXGroup;
			children = (
				17F1558E2AF25C8B00F181F8 /* quizApp */,
				17F155A52AF25C8C00F181F8 /* quizAppTests */,
				17F155AF2AF25C8C00F181F8 /* quizAppUITests */,
				17F1558D2AF25C8B00F181F8 /* Products */,
			);
			sourceTree = "<group>";
		};
		17F1558D2AF25C8B00F181F8 /* Products */ = {
			isa = PBXGroup;
			children = (
				17F1558C2AF25C8B00F181F8 /* quizApp.app */,
				17F155A22AF25C8C00F181F8 /* quizAppTests.xctest */,
				17F155AC2AF25C8C00F181F8 /* quizAppUITests.xctest */,
			);
			name = Products;
			sourceTree = "<group>";
		};
		17F1558E2AF25C8B00F181F8 /* quizApp */ = {
			isa = PBXGroup;
			children = (
				17F1558F2AF25C8B00F181F8 /* AppDelegate.swift */,
				17F155912AF25C8B00F181F8 /* SceneDelegate.swift */,
				17E6FCC32AF65E4C00A71D4C /* Model */,
				17E6FCC42AF65E5C00A71D4C /* View */,
				17E6FCC52AF65E6F00A71D4C /* Controller */,
				17F155982AF25C8C00F181F8 /* Assets.xcassets */,
				17F1559A2AF25C8C00F181F8 /* LaunchScreen.storyboard */,
				17F1559D2AF25C8C00F181F8 /* Info.plist */,
			);
			path = quizApp;
			sourceTree = "<group>";
		};
		17F155A52AF25C8C00F181F8 /* quizAppTests */ = {
			isa = PBXGroup;
			children = (
				17F155A62AF25C8C00F181F8 /* quizAppTests.swift */,
			);
			path = quizAppTests;
			sourceTree = "<group>";
		};
		17F155AF2AF25C8C00F181F8 /* quizAppUITests */ = {
			isa = PBXGroup;
			children = (
				17F155B02AF25C8C00F181F8 /* quizAppUITests.swift */,
				17F155B22AF25C8C00F181F8 /* quizAppUITestsLaunchTests.swift */,
			);
			path = quizAppUITests;
			sourceTree = "<group>";
		};
/* End PBXGroup section */

/* Begin PBXNativeTarget section */
		17F1558B2AF25C8B00F181F8 /* quizApp */ = {
			isa = PBXNativeTarget;
			buildConfigurationList = 17F155B62AF25C8C00F181F8 /* Build configuration list for PBXNativeTarget "quizApp" */;
			buildPhases = (
				17F155882AF25C8B00F181F8 /* Sources */,
				17F155892AF25C8B00F181F8 /* Frameworks */,
				17F1558A2AF25C8B00F181F8 /* Resources */,
			);
			buildRules = (
			);
			dependencies = (
			);
			name = quizApp;
			productName = quizApp;
			productReference = 17F1558C2AF25C8B00F181F8 /* quizApp.app */;
			productType = "com.apple.product-type.application";
		};
		17F155A12AF25C8C00F181F8 /* quizAppTests */ = {
			isa = PBXNativeTarget;
			buildConfigurationList = 17F155B92AF25C8C00F181F8 /* Build configuration list for PBXNativeTarget "quizAppTests" */;
			buildPhases = (
				17F1559E2AF25C8C00F181F8 /* Sources */,
				17F1559F2AF25C8C00F181F8 /* Frameworks */,
				17F155A02AF25C8C00F181F8 /* Resources */,
			);
			buildRules = (
			);
			dependencies = (
				17F155A42AF25C8C00F181F8 /* PBXTargetDependency */,
			);
			name = quizAppTests;
			productName = quizAppTests;
			productReference = 17F155A22AF25C8C00F181F8 /* quizAppTests.xctest */;
			productType = "com.apple.product-type.bundle.unit-test";
		};
		17F155AB2AF25C8C00F181F8 /* quizAppUITests */ = {
			isa = PBXNativeTarget;
			buildConfigurationList = 17F155BC2AF25C8C00F181F8 /* Build configuration list for PBXNativeTarget "quizAppUITests" */;
			buildPhases = (
				17F155A82AF25C8C00F181F8 /* Sources */,
				17F155A92AF25C8C00F181F8 /* Frameworks */,
				17F155AA2AF25C8C00F181F8 /* Resources */,
			);
			buildRules = (
			);
			dependencies = (
				17F155AE2AF25C8C00F181F8 /* PBXTargetDependency */,
			);
			name = quizAppUITests;
			productName = quizAppUITests;
			productReference = 17F155AC2AF25C8C00F181F8 /* quizAppUITests.xctest */;
			productType = "com.apple.product-type.bundle.ui-testing";
		};
/* End PBXNativeTarget section */

/* Begin PBXProject section */
		17F155842AF25C8B00F181F8 /* Project object */ = {
			isa = PBXProject;
			attributes = {
				BuildIndependentTargetsInParallel = 1;
				LastSwiftUpdateCheck = 1500;
				LastUpgradeCheck = 1500;
				TargetAttributes = {
					17F1558B2AF25C8B00F181F8 = {
						CreatedOnToolsVersion = 15.0;
					};
					17F155A12AF25C8C00F181F8 = {
						CreatedOnToolsVersion = 15.0;
						TestTargetID = 17F1558B2AF25C8B00F181F8;
					};
					17F155AB2AF25C8C00F181F8 = {
						CreatedOnToolsVersion = 15.0;
						TestTargetID = 17F1558B2AF25C8B00F181F8;
					};
				};
			};
			buildConfigurationList = 17F155872AF25C8B00F181F8 /* Build configuration list for PBXProject "quizApp" */;
			compatibilityVersion = "Xcode 14.0";
			developmentRegion = en;
			hasScannedForEncodings = 0;
			knownRegions = (
				en,
				Base,
			);
			mainGroup = 17F155832AF25C8B00F181F8;
			productRefGroup = 17F1558D2AF25C8B00F181F8 /* Products */;
			projectDirPath = "";
			projectRoot = "";
			targets = (
				17F1558B2AF25C8B00F181F8 /* quizApp */,
				17F155A12AF25C8C00F181F8 /* quizAppTests */,
				17F155AB2AF25C8C00F181F8 /* quizAppUITests */,
			);
		};
/* End PBXProject section */

/* Begin PBXResourcesBuildPhase section */
		17F1558A2AF25C8B00F181F8 /* Resources */ = {
			isa = PBXResourcesBuildPhase;
			buildActionMask = 2147483647;
			files = (
				17F1559C2AF25C8C00F181F8 /* LaunchScreen.storyboard in Resources */,
				17F155992AF25C8C00F181F8 /* Assets.xcassets in Resources */,
				17F155972AF25C8B00F181F8 /* Main.storyboard in Resources */,
			);
			runOnlyForDeploymentPostprocessing = 0;
		};
		17F155A02AF25C8C00F181F8 /* Resources */ = {
			isa = PBXResourcesBuildPhase;
			buildActionMask = 2147483647;
			files = (
			);
			runOnlyForDeploymentPostprocessing = 0;
		};
		17F155AA2AF25C8C00F181F8 /* Resources */ = {
			isa = PBXResourcesBuildPhase;
			buildActionMask = 2147483647;
			files = (
			);
			runOnlyForDeploymentPostprocessing = 0;
		};
/* End PBXResourcesBuildPhase section */

/* Begin PBXSourcesBuildPhase section */
		17F155882AF25C8B00F181F8 /* Sources */ = {
			isa = PBXSourcesBuildPhase;
			buildActionMask = 2147483647;
			files = (
				17F155942AF25C8B00F181F8 /* ViewController.swift in Sources */,
				1792FDBE2AF51E1900C2E35C /* Question.swift in Sources */,
				17F155902AF25C8B00F181F8 /* AppDelegate.swift in Sources */,
				17F155922AF25C8B00F181F8 /* SceneDelegate.swift in Sources */,
				17E6FCC72AF65F6700A71D4C /* QuizBrain.swift in Sources */,
			);
			runOnlyForDeploymentPostprocessing = 0;
		};
		17F1559E2AF25C8C00F181F8 /* Sources */ = {
			isa = PBXSourcesBuildPhase;
			buildActionMask = 2147483647;
			files = (
				17F155A72AF25C8C00F181F8 /* quizAppTests.swift in Sources */,
			);
			runOnlyForDeploymentPostprocessing = 0;
		};
		17F155A82AF25C8C00F181F8 /* Sources */ = {
			isa = PBXSourcesBuildPhase;
			buildActionMask = 2147483647;
			files = (
				17F155B12AF25C8C00F181F8 /* quizAppUITests.swift in Sources */,
				17F155B32AF25C8C00F181F8 /* quizAppUITestsLaunchTests.swift in Sources */,
			);
			runOnlyForDeploymentPostprocessing = 0;
		};
/* End PBXSourcesBuildPhase section */

/* Begin PBXTargetDependency section */
		17F155A42AF25C8C00F181F8 /* PBXTargetDependency */ = {
			isa = PBXTargetDependency;
			target = 17F1558B2AF25C8B00F181F8 /* quizApp */;
			targetProxy = 17F155A32AF25C8C00F181F8 /* PBXContainerItemProxy */;
		};
		17F155AE2AF25C8C00F181F8 /* PBXTargetDependency */ = {
			isa = PBXTargetDependency;
			target = 17F1558B2AF25C8B00F181F8 /* quizApp */;
			targetProxy = 17F155AD2AF25C8C00F181F8 /* PBXContainerItemProxy */;
		};
/* End PBXTargetDependency section */

/* Begin PBXVariantGroup section */
		17F155952AF25C8B00F181F8 /* Main.storyboard */ = {
			isa = PBXVariantGroup;
			children = (
				17F155962AF25C8B00F181F8 /* Base */,
			);
			name = Main.storyboard;
			sourceTree = "<group>";
		};
		17F1559A2AF25C8C00F181F8 /* LaunchScreen.storyboard */ = {
			isa = PBXVariantGroup;
			children = (
				17F1559B2AF25C8C00F181F8 /* Base */,
			);
			name = LaunchScreen.storyboard;
			sourceTree = "<group>";
		};
/* End PBXVariantGroup section */

/* Begin XCBuildConfiguration section */
		17F155B42AF25C8C00F181F8 /* Debug */ = {
			isa = XCBuildConfiguration;
			buildSettings = {
				ALWAYS_SEARCH_USER_PATHS = NO;
				ASSETCATALOG_COMPILER_GENERATE_SWIFT_ASSET_SYMBOL_EXTENSIONS = YES;
				CLANG_ANALYZER_NONNULL = YES;
				CLANG_ANALYZER_NUMBER_OBJECT_CONVERSION = YES_AGGRESSIVE;
				CLANG_CXX_LANGUAGE_STANDARD = "gnu++20";
				CLANG_ENABLE_MODULES = YES;
				CLANG_ENABLE_OBJC_ARC = YES;
				CLANG_ENABLE_OBJC_WEAK = YES;
				CLANG_WARN_BLOCK_CAPTURE_AUTORELEASING = YES;
				CLANG_WARN_BOOL_CONVERSION = YES;
				CLANG_WARN_COMMA = YES;
				CLANG_WARN_CONSTANT_CONVERSION = YES;
				CLANG_WARN_DEPRECATED_OBJC_IMPLEMENTATIONS = YES;
				CLANG_WARN_DIRECT_OBJC_ISA_USAGE = YES_ERROR;
				CLANG_WARN_DOCUMENTATION_COMMENTS = YES;
				CLANG_WARN_EMPTY_BODY = YES;
				CLANG_WARN_ENUM_CONVERSION = YES;
				CLANG_WARN_INFINITE_RECURSION = YES;
				CLANG_WARN_INT_CONVERSION = YES;
				CLANG_WARN_NON_LITERAL_NULL_CONVERSION = YES;
				CLANG_WARN_OBJC_IMPLICIT_RETAIN_SELF = YES;
				CLANG_WARN_OBJC_LITERAL_CONVERSION = YES;
				CLANG_WARN_OBJC_ROOT_CLASS = YES_ERROR;
				CLANG_WARN_QUOTED_INCLUDE_IN_FRAMEWORK_HEADER = YES;
				CLANG_WARN_RANGE_LOOP_ANALYSIS = YES;
				CLANG_WARN_STRICT_PROTOTYPES = YES;
				CLANG_WARN_SUSPICIOUS_MOVE = YES;
				CLANG_WARN_UNGUARDED_AVAILABILITY = YES_AGGRESSIVE;
				CLANG_WARN_UNREACHABLE_CODE = YES;
				CLANG_WARN__DUPLICATE_METHOD_MATCH = YES;
				COPY_PHASE_STRIP = NO;
				DEBUG_INFORMATION_FORMAT = dwarf;
				ENABLE_STRICT_OBJC_MSGSEND = YES;
				ENABLE_TESTABILITY = YES;
				ENABLE_USER_SCRIPT_SANDBOXING = YES;
				GCC_C_LANGUAGE_STANDARD = gnu17;
				GCC_DYNAMIC_NO_PIC = NO;
				GCC_NO_COMMON_BLOCKS = YES;
				GCC_OPTIMIZATION_LEVEL = 0;
				GCC_PREPROCESSOR_DEFINITIONS = (
					"DEBUG=1",
					"$(inherited)",
				);
				GCC_WARN_64_TO_32_BIT_CONVERSION = YES;
				GCC_WARN_ABOUT_RETURN_TYPE = YES_ERROR;
				GCC_WARN_UNDECLARED_SELECTOR = YES;
				GCC_WARN_UNINITIALIZED_AUTOS = YES_AGGRESSIVE;
				GCC_WARN_UNUSED_FUNCTION = YES;
				GCC_WARN_UNUSED_VARIABLE = YES;
				IPHONEOS_DEPLOYMENT_TARGET = 17.0;
				LOCALIZATION_PREFERS_STRING_CATALOGS = YES;
				MTL_ENABLE_DEBUG_INFO = INCLUDE_SOURCE;
				MTL_FAST_MATH = YES;
				ONLY_ACTIVE_ARCH = YES;
				SDKROOT = iphoneos;
				SWIFT_ACTIVE_COMPILATION_CONDITIONS = "DEBUG $(inherited)";
				SWIFT_OPTIMIZATION_LEVEL = "-Onone";
			};
			name = Debug;
		};
		17F155B52AF25C8C00F181F8 /* Release */ = {
			isa = XCBuildConfiguration;
			buildSettings = {
				ALWAYS_SEARCH_USER_PATHS = NO;
				ASSETCATALOG_COMPILER_GENERATE_SWIFT_ASSET_SYMBOL_EXTENSIONS = YES;
				CLANG_ANALYZER_NONNULL = YES;
				CLANG_ANALYZER_NUMBER_OBJECT_CONVERSION = YES_AGGRESSIVE;
				CLANG_CXX_LANGUAGE_STANDARD = "gnu++20";
				CLANG_ENABLE_MODULES = YES;
				CLANG_ENABLE_OBJC_ARC = YES;
				CLANG_ENABLE_OBJC_WEAK = YES;
				CLANG_WARN_BLOCK_CAPTURE_AUTORELEASING = YES;
				CLANG_WARN_BOOL_CONVERSION = YES;
				CLANG_WARN_COMMA = YES;
				CLANG_WARN_CONSTANT_CONVERSION = YES;
				CLANG_WARN_DEPRECATED_OBJC_IMPLEMENTATIONS = YES;
				CLANG_WARN_DIRECT_OBJC_ISA_USAGE = YES_ERROR;
				CLANG_WARN_DOCUMENTATION_COMMENTS = YES;
				CLANG_WARN_EMPTY_BODY = YES;
				CLANG_WARN_ENUM_CONVERSION = YES;
				CLANG_WARN_INFINITE_RECURSION = YES;
				CLANG_WARN_INT_CONVERSION = YES;
				CLANG_WARN_NON_LITERAL_NULL_CONVERSION = YES;
				CLANG_WARN_OBJC_IMPLICIT_RETAIN_SELF = YES;
				CLANG_WARN_OBJC_LITERAL_CONVERSION = YES;
				CLANG_WARN_OBJC_ROOT_CLASS = YES_ERROR;
				CLANG_WARN_QUOTED_INCLUDE_IN_FRAMEWORK_HEADER = YES;
				CLANG_WARN_RANGE_LOOP_ANALYSIS = YES;
				CLANG_WARN_STRICT_PROTOTYPES = YES;
				CLANG_WARN_SUSPICIOUS_MOVE = YES;
				CLANG_WARN_UNGUARDED_AVAILABILITY = YES_AGGRESSIVE;
				CLANG_WARN_UNREACHABLE_CODE = YES;
				CLANG_WARN__DUPLICATE_METHOD_MATCH = YES;
				COPY_PHASE_STRIP = NO;
				DEBUG_INFORMATION_FORMAT = "dwarf-with-dsym";
				ENABLE_NS_ASSERTIONS = NO;
				ENABLE_STRICT_OBJC_MSGSEND = YES;
				ENABLE_USER_SCRIPT_SANDBOXING = YES;
				GCC_C_LANGUAGE_STANDARD = gnu17;
				GCC_NO_COMMON_BLOCKS = YES;
				GCC_WARN_64_TO_32_BIT_CONVERSION = YES;
				GCC_WARN_ABOUT_RETURN_TYPE = YES_ERROR;
				GCC_WARN_UNDECLARED_SELECTOR = YES;
				GCC_WARN_UNINITIALIZED_AUTOS = YES_AGGRESSIVE;
				GCC_WARN_UNUSED_FUNCTION = YES;
				GCC_WARN_UNUSED_VARIABLE = YES;
				IPHONEOS_DEPLOYMENT_TARGET = 17.0;
				LOCALIZATION_PREFERS_STRING_CATALOGS = YES;
				MTL_ENABLE_DEBUG_INFO = NO;
				MTL_FAST_MATH = YES;
				SDKROOT = iphoneos;
				SWIFT_COMPILATION_MODE = wholemodule;
				VALIDATE_PRODUCT = YES;
			};
			name = Release;
		};
		17F155B72AF25C8C00F181F8 /* Debug */ = {
			isa = XCBuildConfiguration;
			buildSettings = {
				ASSETCATALOG_COMPILER_APPICON_NAME = AppIcon;
				ASSETCATALOG_COMPILER_GLOBAL_ACCENT_COLOR_NAME = AccentColor;
				CODE_SIGN_STYLE = Automatic;
				CURRENT_PROJECT_VERSION = 1;
				GENERATE_INFOPLIST_FILE = YES;
				INFOPLIST_FILE = quizApp/Info.plist;
				INFOPLIST_KEY_UIApplicationSupportsIndirectInputEvents = YES;
				INFOPLIST_KEY_UILaunchStoryboardName = LaunchScreen;
				INFOPLIST_KEY_UIMainStoryboardFile = Main;
				INFOPLIST_KEY_UISupportedInterfaceOrientations_iPad = "UIInterfaceOrientationPortrait UIInterfaceOrientationPortraitUpsideDown UIInterfaceOrientationLandscapeLeft UIInterfaceOrientationLandscapeRight";
				INFOPLIST_KEY_UISupportedInterfaceOrientations_iPhone = "UIInterfaceOrientationPortrait UIInterfaceOrientationLandscapeLeft UIInterfaceOrientationLandscapeRight";
				LD_RUNPATH_SEARCH_PATHS = (
					"$(inherited)",
					"@executable_path/Frameworks",
				);
				MARKETING_VERSION = 1.0;
				PRODUCT_BUNDLE_IDENTIFIER = gunek.quizApp;
				PRODUCT_NAME = "$(TARGET_NAME)";
				SWIFT_EMIT_LOC_STRINGS = YES;
				SWIFT_VERSION = 5.0;
				TARGETED_DEVICE_FAMILY = "1,2";
			};
			name = Debug;
		};
		17F155B82AF25C8C00F181F8 /* Release */ = {
			isa = XCBuildConfiguration;
			buildSettings = {
				ASSETCATALOG_COMPILER_APPICON_NAME = AppIcon;
				ASSETCATALOG_COMPILER_GLOBAL_ACCENT_COLOR_NAME = AccentColor;
				CODE_SIGN_STYLE = Automatic;
				CURRENT_PROJECT_VERSION = 1;
				GENERATE_INFOPLIST_FILE = YES;
				INFOPLIST_FILE = quizApp/Info.plist;
				INFOPLIST_KEY_UIApplicationSupportsIndirectInputEvents = YES;
				INFOPLIST_KEY_UILaunchStoryboardName = LaunchScreen;
				INFOPLIST_KEY_UIMainStoryboardFile = Main;
				INFOPLIST_KEY_UISupportedInterfaceOrientations_iPad = "UIInterfaceOrientationPortrait UIInterfaceOrientationPortraitUpsideDown UIInterfaceOrientationLandscapeLeft UIInterfaceOrientationLandscapeRight";
				INFOPLIST_KEY_UISupportedInterfaceOrientations_iPhone = "UIInterfaceOrientationPortrait UIInterfaceOrientationLandscapeLeft UIInterfaceOrientationLandscapeRight";
				LD_RUNPATH_SEARCH_PATHS = (
					"$(inherited)",
					"@executable_path/Frameworks",
				);
				MARKETING_VERSION = 1.0;
				PRODUCT_BUNDLE_IDENTIFIER = gunek.quizApp;
				PRODUCT_NAME = "$(TARGET_NAME)";
				SWIFT_EMIT_LOC_STRINGS = YES;
				SWIFT_VERSION = 5.0;
				TARGETED_DEVICE_FAMILY = "1,2";
			};
			name = Release;
		};
		17F155BA2AF25C8C00F181F8 /* Debug */ = {
			isa = XCBuildConfiguration;
			buildSettings = {
				ALWAYS_EMBED_SWIFT_STANDARD_LIBRARIES = YES;
				BUNDLE_LOADER = "$(TEST_HOST)";
				CODE_SIGN_STYLE = Automatic;
				CURRENT_PROJECT_VERSION = 1;
				GENERATE_INFOPLIST_FILE = YES;
				IPHONEOS_DEPLOYMENT_TARGET = 17.0;
				MARKETING_VERSION = 1.0;
				PRODUCT_BUNDLE_IDENTIFIER = gunek.quizAppTests;
				PRODUCT_NAME = "$(TARGET_NAME)";
				SWIFT_EMIT_LOC_STRINGS = NO;
				SWIFT_VERSION = 5.0;
				TARGETED_DEVICE_FAMILY = "1,2";
				TEST_HOST = "$(BUILT_PRODUCTS_DIR)/quizApp.app/$(BUNDLE_EXECUTABLE_FOLDER_PATH)/quizApp";
			};
			name = Debug;
		};
		17F155BB2AF25C8C00F181F8 /* Release */ = {
			isa = XCBuildConfiguration;
			buildSettings = {
				ALWAYS_EMBED_SWIFT_STANDARD_LIBRARIES = YES;
				BUNDLE_LOADER = "$(TEST_HOST)";
				CODE_SIGN_STYLE = Automatic;
				CURRENT_PROJECT_VERSION = 1;
				GENERATE_INFOPLIST_FILE = YES;
				IPHONEOS_DEPLOYMENT_TARGET = 17.0;
				MARKETING_VERSION = 1.0;
				PRODUCT_BUNDLE_IDENTIFIER = gunek.quizAppTests;
				PRODUCT_NAME = "$(TARGET_NAME)";
				SWIFT_EMIT_LOC_STRINGS = NO;
				SWIFT_VERSION = 5.0;
				TARGETED_DEVICE_FAMILY = "1,2";
				TEST_HOST = "$(BUILT_PRODUCTS_DIR)/quizApp.app/$(BUNDLE_EXECUTABLE_FOLDER_PATH)/quizApp";
			};
			name = Release;
		};
		17F155BD2AF25C8C00F181F8 /* Debug */ = {
			isa = XCBuildConfiguration;
			buildSettings = {
				ALWAYS_EMBED_SWIFT_STANDARD_LIBRARIES = YES;
				CODE_SIGN_STYLE = Automatic;
				CURRENT_PROJECT_VERSION = 1;
				GENERATE_INFOPLIST_FILE = YES;
				MARKETING_VERSION = 1.0;
				PRODUCT_BUNDLE_IDENTIFIER = gunek.quizAppUITests;
				PRODUCT_NAME = "$(TARGET_NAME)";
				SWIFT_EMIT_LOC_STRINGS = NO;
				SWIFT_VERSION = 5.0;
				TARGETED_DEVICE_FAMILY = "1,2";
				TEST_TARGET_NAME = quizApp;
			};
			name = Debug;
		};
		17F155BE2AF25C8C00F181F8 /* Release */ = {
			isa = XCBuildConfiguration;
			buildSettings = {
				ALWAYS_EMBED_SWIFT_STANDARD_LIBRARIES = YES;
				CODE_SIGN_STYLE = Automatic;
				CURRENT_PROJECT_VERSION = 1;
				GENERATE_INFOPLIST_FILE = YES;
				MARKETING_VERSION = 1.0;
				PRODUCT_BUNDLE_IDENTIFIER = gunek.quizAppUITests;
				PRODUCT_NAME = "$(TARGET_NAME)";
				SWIFT_EMIT_LOC_STRINGS = NO;
				SWIFT_VERSION = 5.0;
				TARGETED_DEVICE_FAMILY = "1,2";
				TEST_TARGET_NAME = quizApp;
			};
			name = Release;
		};
/* End XCBuildConfiguration section */

/* Begin XCConfigurationList section */
		17F155872AF25C8B00F181F8 /* Build configuration list for PBXProject "quizApp" */ = {
			isa = XCConfigurationList;
			buildConfigurations = (
				17F155B42AF25C8C00F181F8 /* Debug */,
				17F155B52AF25C8C00F181F8 /* Release */,
			);
			defaultConfigurationIsVisible = 0;
			defaultConfigurationName = Release;
		};
		17F155B62AF25C8C00F181F8 /* Build configuration list for PBXNativeTarget "quizApp" */ = {
			isa = XCConfigurationList;
			buildConfigurations = (
				17F155B72AF25C8C00F181F8 /* Debug */,
				17F155B82AF25C8C00F181F8 /* Release */,
			);
			defaultConfigurationIsVisible = 0;
			defaultConfigurationName = Release;
		};
		17F155B92AF25C8C00F181F8 /* Build configuration list for PBXNativeTarget "quizAppTests" */ = {
			isa = XCConfigurationList;
			buildConfigurations = (
				17F155BA2AF25C8C00F181F8 /* Debug */,
				17F155BB2AF25C8C00F181F8 /* Release */,
			);
			defaultConfigurationIsVisible = 0;
			defaultConfigurationName = Release;
		};
		17F155BC2AF25C8C00F181F8 /* Build configuration list for PBXNativeTarget "quizAppUITests" */ = {
			isa = XCConfigurationList;
			buildConfigurations = (
				17F155BD2AF25C8C00F181F8 /* Debug */,
				17F155BE2AF25C8C00F181F8 /* Release */,
			);
			defaultConfigurationIsVisible = 0;
			defaultConfigurationName = Release;
		};
/* End XCConfigurationList section */
	};
	rootObject = 17F155842AF25C8B00F181F8 /* Project object */;
}
